
Microsoft Visual Studio Solution File, Format Version 12.00
# Visual Studio Version 17
VisualStudioVersion = 17.0.31521.260
MinimumVisualStudioVersion = 10.0.40219.1
Project("{9A19103F-16F7-4668-BE54-9A1E7A4F7556}") = "IdentityServer", "IdentityServer.csproj", "{EB8A8FB4-866A-43BF-BDAD-AB8D850B96CD}"
EndProject
Project("{9A19103F-16F7-4668-BE54-9A1E7A4F7556}") = "Api", "..\Api\Api.csproj", "{7293BD93-35D3-44A4-BCC2-B6381709704A}"
	ProjectSection(ProjectDependencies) = postProject
		{EB8A8FB4-866A-43BF-BDAD-AB8D850B96CD} = {EB8A8FB4-866A-43BF-BDAD-AB8D850B96CD}
	EndProjectSection
EndProject
Project("{9A19103F-16F7-4668-BE54-9A1E7A4F7556}") = "Client", "..\Client\Client.csproj", "{3E105206-F467-4E20-9843-C1566137DBB4}"
EndProject
Project("{FAE04EC0-301F-11D3-BF4B-00C04F79EFBC}") = "MVC", "..\MVC\MVC.csproj", "{1D2AC4CE-A35F-4614-93E2-A62A13F94B03}"
	ProjectSection(ProjectDependencies) = postProject
		{EB8A8FB4-866A-43BF-BDAD-AB8D850B96CD} = {EB8A8FB4-866A-43BF-BDAD-AB8D850B96CD}
	EndProjectSection
EndProject
Global
	GlobalSection(SolutionConfigurationPlatforms) = preSolution
		Debug|Any CPU = Debug|Any CPU
		Release|Any CPU = Release|Any CPU
	EndGlobalSection
	GlobalSection(ProjectConfigurationPlatforms) = postSolution
		{EB8A8FB4-866A-43BF-BDAD-AB8D850B96CD}.Debug|Any CPU.ActiveCfg = Debug|Any CPU
		{EB8A8FB4-866A-43BF-BDAD-AB8D850B96CD}.Debug|Any CPU.Build.0 = Debug|Any CPU
		{EB8A8FB4-866A-43BF-BDAD-AB8D850B96CD}.Release|Any CPU.ActiveCfg = Release|Any CPU
		{EB8A8FB4-866A-43BF-BDAD-AB8D850B96CD}.Release|Any CPU.Build.0 = Release|Any CPU
		{7293BD93-35D3-44A4-BCC2-B6381709704A}.Debug|Any CPU.ActiveCfg = Debug|Any CPU
		{7293BD93-35D3-44A4-BCC2-B6381709704A}.Debug|Any CPU.Build.0 = Debug|Any CPU
		{7293BD93-35D3-44A4-BCC2-B6381709704A}.Release|Any CPU.ActiveCfg = Release|Any CPU
		{7293BD93-35D3-44A4-BCC2-B6381709704A}.Release|Any CPU.Build.0 = Release|Any CPU
		{3E105206-F467-4E20-9843-C1566137DBB4}.Debug|Any CPU.ActiveCfg = Debug|Any CPU
		{3E105206-F467-4E20-9843-C1566137DBB4}.Debug|Any CPU.Build.0 = Debug|Any CPU
		{3E105206-F467-4E20-9843-C1566137DBB4}.Release|Any CPU.ActiveCfg = Release|Any CPU
		{3E105206-F467-4E20-9843-C1566137DBB4}.Release|Any CPU.Build.0 = Release|Any CPU
		{1D2AC4CE-A35F-4614-93E2-A62A13F94B03}.Debug|Any CPU.ActiveCfg = Debug|Any CPU
		{1D2AC4CE-A35F-4614-93E2-A62A13F94B03}.Debug|Any CPU.Build.0 = Debug|Any CPU
		{1D2AC4CE-A35F-4614-93E2-A62A13F94B03}.Release|Any CPU.ActiveCfg = Release|Any CPU
		{1D2AC4CE-A35F-4614-93E2-A62A13F94B03}.Release|Any CPU.Build.0 = Release|Any CPU
	EndGlobalSection
	GlobalSection(SolutionProperties) = preSolution
		HideSolutionNode = FALSE
	EndGlobalSection
	GlobalSection(ExtensibilityGlobals) = postSolution
		SolutionGuid = {E7930C9C-2CC7-4A6E-AAFF-76BFD8A77C71}
	EndGlobalSection
EndGlobal
